
Microsoft Visual Studio Solution File, Format Version 12.00
# Visual Studio Version 16
VisualStudioVersion = 16.0.30114.105
MinimumVisualStudioVersion = 10.0.40219.1
Project("{FAE04EC0-301F-11D3-BF4B-00C04F79EFBC}") = "RomanNumeralsApp", "RomanNumeralsApp\RomanNumeralsApp.csproj", "{96FB7E12-D455-4F96-B01A-62F6AEE9BDB7}"
EndProject
Project("{FAE04EC0-301F-11D3-BF4B-00C04F79EFBC}") = "RomanNumeralsApp.Tests", "RomanNumeralsApp.Tests\RomanNumeralsApp.Tests.csproj", "{8F4D1176-2977-4584-8C12-F7F52DB1258E}"
EndProject
Global
	GlobalSection(SolutionConfigurationPlatforms) = preSolution
		Debug|Any CPU = Debug|Any CPU
		Release|Any CPU = Release|Any CPU
	EndGlobalSection
	GlobalSection(SolutionProperties) = preSolution
		HideSolutionNode = FALSE
	EndGlobalSection
	GlobalSection(ProjectConfigurationPlatforms) = postSolution
		{96FB7E12-D455-4F96-B01A-62F6AEE9BDB7}.Debug|Any CPU.ActiveCfg = Debug|Any CPU
		{96FB7E12-D455-4F96-B01A-62F6AEE9BDB7}.Debug|Any CPU.Build.0 = Debug|Any CPU
		{96FB7E12-D455-4F96-B01A-62F6AEE9BDB7}.Release|Any CPU.ActiveCfg = Release|Any CPU
		{96FB7E12-D455-4F96-B01A-62F6AEE9BDB7}.Release|Any CPU.Build.0 = Release|Any CPU
		{8F4D1176-2977-4584-8C12-F7F52DB1258E}.Debug|Any CPU.ActiveCfg = Debug|Any CPU
		{8F4D1176-2977-4584-8C12-F7F52DB1258E}.Debug|Any CPU.Build.0 = Debug|Any CPU
		{8F4D1176-2977-4584-8C12-F7F52DB1258E}.Release|Any CPU.ActiveCfg = Release|Any CPU
		{8F4D1176-2977-4584-8C12-F7F52DB1258E}.Release|Any CPU.Build.0 = Release|Any CPU
	EndGlobalSection
EndGlobal
